
Microsoft Visual Studio Solution File, Format Version 12.00
# Visual Studio Version 17
VisualStudioVersion = 17.9.34902.65
MinimumVisualStudioVersion = 10.0.40219.1
Project("{FAE04EC0-301F-11D3-BF4B-00C04F79EFBC}") = "MvcMovie", "MvcMovie.csproj", "{F900EEC8-07CE-4E0E-A35A-47C08D63C631}"
EndProject
Global
	GlobalSection(SolutionConfigurationPlatforms) = preSolution
		Debug|Any CPU = Debug|Any CPU
		Release|Any CPU = Release|Any CPU
	EndGlobalSection
	GlobalSection(ProjectConfigurationPlatforms) = postSolution
		{F900EEC8-07CE-4E0E-A35A-47C08D63C631}.Debug|Any CPU.ActiveCfg = Debug|Any CPU
		{F900EEC8-07CE-4E0E-A35A-47C08D63C631}.Debug|Any CPU.Build.0 = Debug|Any CPU
		{F900EEC8-07CE-4E0E-A35A-47C08D63C631}.Release|Any CPU.ActiveCfg = Release|Any CPU
		{F900EEC8-07CE-4E0E-A35A-47C08D63C631}.Release|Any CPU.Build.0 = Release|Any CPU
	EndGlobalSection
	GlobalSection(SolutionProperties) = preSolution
		HideSolutionNode = FALSE
	EndGlobalSection
	GlobalSection(ExtensibilityGlobals) = postSolution
		SolutionGuid = {A873E6A4-ADF4-4981-8571-069E61D0D94F}
	EndGlobalSection
EndGlobal
